
Microsoft Visual Studio Solution File, Format Version 12.00
# Visual Studio Version 17
VisualStudioVersion = 17.14.36518.9
MinimumVisualStudioVersion = 10.0.40219.1
Project("{FAE04EC0-301F-11D3-BF4B-00C04F79EFBC}") = "GestionPedidosDY", "GestionPedidosDY.csproj", "{73AB4748-B1B5-47DE-BC53-8731B1F2FD58}"
EndProject
Project("{FAE04EC0-301F-11D3-BF4B-00C04F79EFBC}") = "GestionPedidosDY.Application", "..\GestionPedidosDY.Application\GestionPedidosDY.Application.csproj", "{8B634D27-43C7-4727-BBDB-40F45393BB8E}"
EndProject
Project("{FAE04EC0-301F-11D3-BF4B-00C04F79EFBC}") = "GestionPedidosDY.Core", "..\GestionPedidosDY.Core\GestionPedidosDY.Core.csproj", "{1B8686FE-AD8E-4B42-AC8E-007D66B13C0B}"
EndProject
Project("{FAE04EC0-301F-11D3-BF4B-00C04F79EFBC}") = "GestionPedidosDY.Infraestructure", "..\GestionPedidosDY.Infraestructure\GestionPedidosDY.Infraestructure.csproj", "{83DA855E-F71E-4500-A1A2-CD7F5AC76E0C}"
EndProject
Project("{FAE04EC0-301F-11D3-BF4B-00C04F79EFBC}") = "GestionPedidosDY.Tests", "..\GestionPedidosDY.Tests\GestionPedidosDY.Tests.csproj", "{5FE4332A-2ABE-9A4D-AA61-8E4EF0DDB81D}"
EndProject
Global
	GlobalSection(SolutionConfigurationPlatforms) = preSolution
		Debug|Any CPU = Debug|Any CPU
		Release|Any CPU = Release|Any CPU
	EndGlobalSection
	GlobalSection(ProjectConfigurationPlatforms) = postSolution
		{73AB4748-B1B5-47DE-BC53-8731B1F2FD58}.Debug|Any CPU.ActiveCfg = Debug|Any CPU
		{73AB4748-B1B5-47DE-BC53-8731B1F2FD58}.Debug|Any CPU.Build.0 = Debug|Any CPU
		{73AB4748-B1B5-47DE-BC53-8731B1F2FD58}.Release|Any CPU.ActiveCfg = Release|Any CPU
		{73AB4748-B1B5-47DE-BC53-8731B1F2FD58}.Release|Any CPU.Build.0 = Release|Any CPU
		{8B634D27-43C7-4727-BBDB-40F45393BB8E}.Debug|Any CPU.ActiveCfg = Debug|Any CPU
		{8B634D27-43C7-4727-BBDB-40F45393BB8E}.Debug|Any CPU.Build.0 = Debug|Any CPU
		{8B634D27-43C7-4727-BBDB-40F45393BB8E}.Release|Any CPU.ActiveCfg = Release|Any CPU
		{8B634D27-43C7-4727-BBDB-40F45393BB8E}.Release|Any CPU.Build.0 = Release|Any CPU
		{1B8686FE-AD8E-4B42-AC8E-007D66B13C0B}.Debug|Any CPU.ActiveCfg = Debug|Any CPU
		{1B8686FE-AD8E-4B42-AC8E-007D66B13C0B}.Debug|Any CPU.Build.0 = Debug|Any CPU
		{1B8686FE-AD8E-4B42-AC8E-007D66B13C0B}.Release|Any CPU.ActiveCfg = Release|Any CPU
		{1B8686FE-AD8E-4B42-AC8E-007D66B13C0B}.Release|Any CPU.Build.0 = Release|Any CPU
		{83DA855E-F71E-4500-A1A2-CD7F5AC76E0C}.Debug|Any CPU.ActiveCfg = Debug|Any CPU
		{83DA855E-F71E-4500-A1A2-CD7F5AC76E0C}.Debug|Any CPU.Build.0 = Debug|Any CPU
		{83DA855E-F71E-4500-A1A2-CD7F5AC76E0C}.Release|Any CPU.ActiveCfg = Release|Any CPU
		{83DA855E-F71E-4500-A1A2-CD7F5AC76E0C}.Release|Any CPU.Build.0 = Release|Any CPU
		{5FE4332A-2ABE-9A4D-AA61-8E4EF0DDB81D}.Debug|Any CPU.ActiveCfg = Debug|Any CPU
		{5FE4332A-2ABE-9A4D-AA61-8E4EF0DDB81D}.Debug|Any CPU.Build.0 = Debug|Any CPU
		{5FE4332A-2ABE-9A4D-AA61-8E4EF0DDB81D}.Release|Any CPU.ActiveCfg = Release|Any CPU
		{5FE4332A-2ABE-9A4D-AA61-8E4EF0DDB81D}.Release|Any CPU.Build.0 = Release|Any CPU
	EndGlobalSection
	GlobalSection(SolutionProperties) = preSolution
		HideSolutionNode = FALSE
	EndGlobalSection
	GlobalSection(ExtensibilityGlobals) = postSolution
		SolutionGuid = {6E4BDB71-B24E-46BC-B9BC-6F6A12AA5143}
	EndGlobalSection
EndGlobal
